
Microsoft Visual Studio Solution File, Format Version 12.00
# Visual Studio 15
VisualStudioVersion = 15.0.28307.329
MinimumVisualStudioVersion = 10.0.40219.1
Project("{FAE04EC0-301F-11D3-BF4B-00C04F79EFBC}") = "TestApp", "TestApp\TestApp.csproj", "{04E22576-6010-4655-BB7C-65023763B947}"
EndProject
Global
	GlobalSection(SolutionConfigurationPlatforms) = preSolution
		Debug|Any CPU = Debug|Any CPU
		Release|Any CPU = Release|Any CPU
	EndGlobalSection
	GlobalSection(ProjectConfigurationPlatforms) = postSolution
		{04E22576-6010-4655-BB7C-65023763B947}.Debug|Any CPU.ActiveCfg = Debug|Any CPU
		{04E22576-6010-4655-BB7C-65023763B947}.Debug|Any CPU.Build.0 = Debug|Any CPU
		{04E22576-6010-4655-BB7C-65023763B947}.Release|Any CPU.ActiveCfg = Release|Any CPU
		{04E22576-6010-4655-BB7C-65023763B947}.Release|Any CPU.Build.0 = Release|Any CPU
	EndGlobalSection
	GlobalSection(SolutionProperties) = preSolution
		HideSolutionNode = FALSE
	EndGlobalSection
	GlobalSection(ExtensibilityGlobals) = postSolution
		SolutionGuid = {353CD7AB-16B8-4A7D-8A51-16CAF9B2F20D}
	EndGlobalSection
EndGlobal
