
Microsoft Visual Studio Solution File, Format Version 12.00
# Visual Studio 15
VisualStudioVersion = 15.0.28307.329
MinimumVisualStudioVersion = 10.0.40219.1
Project("{FAE04EC0-301F-11D3-BF4B-00C04F79EFBC}") = "LinqBasic", "LinqBasic\LinqBasic.csproj", "{707B42F5-B239-476C-976C-2DC5A24F7016}"
EndProject
Project("{FAE04EC0-301F-11D3-BF4B-00C04F79EFBC}") = "Overloading-Angle", "..\Overloading-Angle\Overloading-Angle\Overloading-Angle.csproj", "{A5C74458-11D5-4A5E-B637-55718F66DF9D}"
EndProject
Global
	GlobalSection(SolutionConfigurationPlatforms) = preSolution
		Debug|Any CPU = Debug|Any CPU
		Release|Any CPU = Release|Any CPU
	EndGlobalSection
	GlobalSection(ProjectConfigurationPlatforms) = postSolution
		{707B42F5-B239-476C-976C-2DC5A24F7016}.Debug|Any CPU.ActiveCfg = Debug|Any CPU
		{707B42F5-B239-476C-976C-2DC5A24F7016}.Debug|Any CPU.Build.0 = Debug|Any CPU
		{707B42F5-B239-476C-976C-2DC5A24F7016}.Release|Any CPU.ActiveCfg = Release|Any CPU
		{707B42F5-B239-476C-976C-2DC5A24F7016}.Release|Any CPU.Build.0 = Release|Any CPU
		{A5C74458-11D5-4A5E-B637-55718F66DF9D}.Debug|Any CPU.ActiveCfg = Debug|Any CPU
		{A5C74458-11D5-4A5E-B637-55718F66DF9D}.Debug|Any CPU.Build.0 = Debug|Any CPU
		{A5C74458-11D5-4A5E-B637-55718F66DF9D}.Release|Any CPU.ActiveCfg = Release|Any CPU
		{A5C74458-11D5-4A5E-B637-55718F66DF9D}.Release|Any CPU.Build.0 = Release|Any CPU
	EndGlobalSection
	GlobalSection(SolutionProperties) = preSolution
		HideSolutionNode = FALSE
	EndGlobalSection
	GlobalSection(ExtensibilityGlobals) = postSolution
		SolutionGuid = {22156B2D-01CB-40E1-8C02-E99246F992DD}
	EndGlobalSection
EndGlobal
