
Microsoft Visual Studio Solution File, Format Version 12.00
# Visual Studio 15
VisualStudioVersion = 15.0.28307.329
MinimumVisualStudioVersion = 10.0.40219.1
Project("{FAE04EC0-301F-11D3-BF4B-00C04F79EFBC}") = "ExceptionsExample", "ExceptionsExample\ExceptionsExample.csproj", "{3C28DD7D-6E85-4908-90B4-8BBECC500009}"
EndProject
Project("{FAE04EC0-301F-11D3-BF4B-00C04F79EFBC}") = "Overloading-Angle", "..\Overloading-Angle\Overloading-Angle\Overloading-Angle.csproj", "{A5C74458-11D5-4A5E-B637-55718F66DF9D}"
EndProject
Global
	GlobalSection(SolutionConfigurationPlatforms) = preSolution
		Debug|Any CPU = Debug|Any CPU
		Release|Any CPU = Release|Any CPU
	EndGlobalSection
	GlobalSection(ProjectConfigurationPlatforms) = postSolution
		{3C28DD7D-6E85-4908-90B4-8BBECC500009}.Debug|Any CPU.ActiveCfg = Debug|Any CPU
		{3C28DD7D-6E85-4908-90B4-8BBECC500009}.Debug|Any CPU.Build.0 = Debug|Any CPU
		{3C28DD7D-6E85-4908-90B4-8BBECC500009}.Release|Any CPU.ActiveCfg = Release|Any CPU
		{3C28DD7D-6E85-4908-90B4-8BBECC500009}.Release|Any CPU.Build.0 = Release|Any CPU
		{A5C74458-11D5-4A5E-B637-55718F66DF9D}.Debug|Any CPU.ActiveCfg = Debug|Any CPU
		{A5C74458-11D5-4A5E-B637-55718F66DF9D}.Debug|Any CPU.Build.0 = Debug|Any CPU
		{A5C74458-11D5-4A5E-B637-55718F66DF9D}.Release|Any CPU.ActiveCfg = Release|Any CPU
		{A5C74458-11D5-4A5E-B637-55718F66DF9D}.Release|Any CPU.Build.0 = Release|Any CPU
	EndGlobalSection
	GlobalSection(SolutionProperties) = preSolution
		HideSolutionNode = FALSE
	EndGlobalSection
	GlobalSection(ExtensibilityGlobals) = postSolution
		SolutionGuid = {C0F02C4E-6AAA-4B99-A1FC-FE25715E2856}
	EndGlobalSection
EndGlobal
